
Microsoft Visual Studio Solution File, Format Version 12.00
# Visual Studio Version 16
VisualStudioVersion = 25.0.1705.3
MinimumVisualStudioVersion = 10.0.40219.1
Project("{FAE04EC0-301F-11D3-BF4B-00C04F79EFBC}") = "ProjetoTDS", "ProjetoTDS\ProjetoTDS.csproj", "{90D312C5-0399-44AF-9E44-26622F0D93B5}"
EndProject
Global
	GlobalSection(SolutionConfigurationPlatforms) = preSolution
		Debug|Any CPU = Debug|Any CPU
		Release|Any CPU = Release|Any CPU
	EndGlobalSection
	GlobalSection(ProjectConfigurationPlatforms) = postSolution
		{90D312C5-0399-44AF-9E44-26622F0D93B5}.Debug|Any CPU.ActiveCfg = Debug|Any CPU
		{90D312C5-0399-44AF-9E44-26622F0D93B5}.Debug|Any CPU.Build.0 = Debug|Any CPU
		{90D312C5-0399-44AF-9E44-26622F0D93B5}.Release|Any CPU.ActiveCfg = Release|Any CPU
		{90D312C5-0399-44AF-9E44-26622F0D93B5}.Release|Any CPU.Build.0 = Release|Any CPU
	EndGlobalSection
	GlobalSection(SolutionProperties) = preSolution
		HideSolutionNode = FALSE
	EndGlobalSection
	GlobalSection(ExtensibilityGlobals) = postSolution
		SolutionGuid = {CB81C01A-692B-4A36-8722-9E4FB4441AE9}
	EndGlobalSection
EndGlobal
